
Microsoft Visual Studio Solution File, Format Version 12.00
# Visual Studio 14
VisualStudioVersion = 14.0.25420.1
MinimumVisualStudioVersion = 10.0.40219.1
Project("{2150E333-8FDC-42A3-9474-1A3956D46DE8}") = "src", "src", "{EC83998D-3869-44B6-BE51-485B2E0DF987}"
EndProject
Project("{FAE04EC0-301F-11D3-BF4B-00C04F79EFBC}") = "PagueVeloz.NET", "src\PagueVeloz.NET\PagueVeloz.NET.csproj", "{232987CB-BA42-418A-B781-174981842CD2}"
EndProject
Project("{2150E333-8FDC-42A3-9474-1A3956D46DE8}") = "tests", "tests", "{493DCA21-863B-4E8D-8888-FED5CA6ED348}"
EndProject
Project("{FAE04EC0-301F-11D3-BF4B-00C04F79EFBC}") = "PagueVeloz.NET.Tests", "tests\PagueVeloz.NET.Tests\PagueVeloz.NET.Tests.csproj", "{8D7A0115-710D-4384-908B-DDD6487ECB9F}"
EndProject
Global
	GlobalSection(SolutionConfigurationPlatforms) = preSolution
		Debug|Any CPU = Debug|Any CPU
		Release|Any CPU = Release|Any CPU
	EndGlobalSection
	GlobalSection(ProjectConfigurationPlatforms) = postSolution
		{232987CB-BA42-418A-B781-174981842CD2}.Debug|Any CPU.ActiveCfg = Debug|Any CPU
		{232987CB-BA42-418A-B781-174981842CD2}.Debug|Any CPU.Build.0 = Debug|Any CPU
		{232987CB-BA42-418A-B781-174981842CD2}.Release|Any CPU.ActiveCfg = Release|Any CPU
		{232987CB-BA42-418A-B781-174981842CD2}.Release|Any CPU.Build.0 = Release|Any CPU
		{8D7A0115-710D-4384-908B-DDD6487ECB9F}.Debug|Any CPU.ActiveCfg = Debug|Any CPU
		{8D7A0115-710D-4384-908B-DDD6487ECB9F}.Debug|Any CPU.Build.0 = Debug|Any CPU
		{8D7A0115-710D-4384-908B-DDD6487ECB9F}.Release|Any CPU.ActiveCfg = Release|Any CPU
		{8D7A0115-710D-4384-908B-DDD6487ECB9F}.Release|Any CPU.Build.0 = Release|Any CPU
	EndGlobalSection
	GlobalSection(SolutionProperties) = preSolution
		HideSolutionNode = FALSE
	EndGlobalSection
	GlobalSection(NestedProjects) = preSolution
		{232987CB-BA42-418A-B781-174981842CD2} = {EC83998D-3869-44B6-BE51-485B2E0DF987}
		{8D7A0115-710D-4384-908B-DDD6487ECB9F} = {493DCA21-863B-4E8D-8888-FED5CA6ED348}
	EndGlobalSection
EndGlobal
