
Microsoft Visual Studio Solution File, Format Version 12.00
# Visual Studio 14
VisualStudioVersion = 14.0.25420.1
MinimumVisualStudioVersion = 10.0.40219.1
Project("{2150E333-8FDC-42A3-9474-1A3956D46DE8}") = "src", "src", "{EC83998D-3869-44B6-BE51-485B2E0DF987}"
EndProject
Project("{2150E333-8FDC-42A3-9474-1A3956D46DE8}") = "tests", "tests", "{493DCA21-863B-4E8D-8888-FED5CA6ED348}"
EndProject
Project("{8BB2217D-0F2D-49D1-97BC-3654ED321F3B}") = "PagueVeloz.NET", "src\PagueVeloz.NET\PagueVeloz.NET.xproj", "{598CA4B7-50FD-438E-AC91-A8EA8BEDAADC}"
EndProject
Project("{8BB2217D-0F2D-49D1-97BC-3654ED321F3B}") = "PagueVeloz.NET.Tests", "tests\PagueVeloz.NET.Tests\PagueVeloz.NET.Tests.xproj", "{8C00CEE4-CEA8-4CD4-8358-D775F3B67079}"
EndProject
Global
	GlobalSection(SolutionConfigurationPlatforms) = preSolution
		Debug|Any CPU = Debug|Any CPU
		Release|Any CPU = Release|Any CPU
	EndGlobalSection
	GlobalSection(ProjectConfigurationPlatforms) = postSolution
		{598CA4B7-50FD-438E-AC91-A8EA8BEDAADC}.Debug|Any CPU.ActiveCfg = Debug|Any CPU
		{598CA4B7-50FD-438E-AC91-A8EA8BEDAADC}.Debug|Any CPU.Build.0 = Debug|Any CPU
		{598CA4B7-50FD-438E-AC91-A8EA8BEDAADC}.Release|Any CPU.ActiveCfg = Release|Any CPU
		{598CA4B7-50FD-438E-AC91-A8EA8BEDAADC}.Release|Any CPU.Build.0 = Release|Any CPU
		{8C00CEE4-CEA8-4CD4-8358-D775F3B67079}.Debug|Any CPU.ActiveCfg = Debug|Any CPU
		{8C00CEE4-CEA8-4CD4-8358-D775F3B67079}.Debug|Any CPU.Build.0 = Debug|Any CPU
		{8C00CEE4-CEA8-4CD4-8358-D775F3B67079}.Release|Any CPU.ActiveCfg = Release|Any CPU
		{8C00CEE4-CEA8-4CD4-8358-D775F3B67079}.Release|Any CPU.Build.0 = Release|Any CPU
	EndGlobalSection
	GlobalSection(SolutionProperties) = preSolution
		HideSolutionNode = FALSE
	EndGlobalSection
	GlobalSection(NestedProjects) = preSolution
		{598CA4B7-50FD-438E-AC91-A8EA8BEDAADC} = {EC83998D-3869-44B6-BE51-485B2E0DF987}
		{8C00CEE4-CEA8-4CD4-8358-D775F3B67079} = {493DCA21-863B-4E8D-8888-FED5CA6ED348}
	EndGlobalSection
EndGlobal
